// !$*UTF8*$!
{
	archiveVersion = 1;
	classes = {
	};
	objectVersion = 50;
	objects = {

/* Begin PBXBuildFile section */
		1DE25401225C6909008A4702 /* AppDelegate.swift in Sources */ = {isa = PBXBuildFile; fileRef = 1DE25400225C6909008A4702 /* AppDelegate.swift */; };
		1DE25403225C6909008A4702 /* ViewController.swift in Sources */ = {isa = PBXBuildFile; fileRef = 1DE25402225C6909008A4702 /* ViewController.swift */; };
		1DE25406225C6909008A4702 /* Main.storyboard in Resources */ = {isa = PBXBuildFile; fileRef = 1DE25404225C6909008A4702 /* Main.storyboard */; };
		1DE25408225C690A008A4702 /* Assets.xcassets in Resources */ = {isa = PBXBuildFile; fileRef = 1DE25407225C690A008A4702 /* Assets.xcassets */; };
		1DE2540B225C690A008A4702 /* LaunchScreen.storyboard in Resources */ = {isa = PBXBuildFile; fileRef = 1DE25409225C690A008A4702 /* LaunchScreen.storyboard */; };
		1DE25413225C7B49008A4702 /* USViewController.swift in Sources */ = {isa = PBXBuildFile; fileRef = 1DE25412225C7B49008A4702 /* USViewController.swift */; };
		1DE25419225C82E1008A4702 /* ProductsTableViewCell.swift in Sources */ = {isa = PBXBuildFile; fileRef = 1DE25418225C82E1008A4702 /* ProductsTableViewCell.swift */; };
		1DE2541B225C96BC008A4702 /* DetailViewController.swift in Sources */ = {isa = PBXBuildFile; fileRef = 1DE2541A225C96BC008A4702 /* DetailViewController.swift */; };
		1DE2541D225D91E7008A4702 /* ProductsTableViewController.swift in Sources */ = {isa = PBXBuildFile; fileRef = 1DE2541C225D91E7008A4702 /* ProductsTableViewController.swift */; };
/* End PBXBuildFile section */

/* Begin PBXFileReference section */
		1DE253FD225C6909008A4702 /* AboutOldPhones.app */ = {isa = PBXFileReference; explicitFileType = wrapper.application; includeInIndex = 0; path = AboutOldPhones.app; sourceTree = BUILT_PRODUCTS_DIR; };
		1DE25400225C6909008A4702 /* AppDelegate.swift */ = {isa = PBXFileReference; lastKnownFileType = sourcecode.swift; path = AppDelegate.swift; sourceTree = "<group>"; };
		1DE25402225C6909008A4702 /* ViewController.swift */ = {isa = PBXFileReference; lastKnownFileType = sourcecode.swift; path = ViewController.swift; sourceTree = "<group>"; };
		1DE25405225C6909008A4702 /* Base */ = {isa = PBXFileReference; lastKnownFileType = file.storyboard; name = Base; path = Base.lproj/Main.storyboard; sourceTree = "<group>"; };
		1DE25407225C690A008A4702 /* Assets.xcassets */ = {isa = PBXFileReference; lastKnownFileType = folder.assetcatalog; path = Assets.xcassets; sourceTree = "<group>"; };
		1DE2540A225C690A008A4702 /* Base */ = {isa = PBXFileReference; lastKnownFileType = file.storyboard; name = Base; path = Base.lproj/LaunchScreen.storyboard; sourceTree = "<group>"; };
		1DE2540C225C690A008A4702 /* Info.plist */ = {isa = PBXFileReference; lastKnownFileType = text.plist.xml; path = Info.plist; sourceTree = "<group>"; };
		1DE25412225C7B49008A4702 /* USViewController.swift */ = {isa = PBXFileReference; lastKnownFileType = sourcecode.swift; path = USViewController.swift; sourceTree = "<group>"; };
		1DE25418225C82E1008A4702 /* ProductsTableViewCell.swift */ = {isa = PBXFileReference; lastKnownFileType = sourcecode.swift; path = ProductsTableViewCell.swift; sourceTree = "<group>"; };
		1DE2541A225C96BC008A4702 /* DetailViewController.swift */ = {isa = PBXFileReference; lastKnownFileType = sourcecode.swift; path = DetailViewController.swift; sourceTree = "<group>"; };
		1DE2541C225D91E7008A4702 /* ProductsTableViewController.swift */ = {isa = PBXFileReference; lastKnownFileType = sourcecode.swift; path = ProductsTableViewController.swift; sourceTree = "<group>"; };
/* End PBXFileReference section */

/* Begin PBXFrameworksBuildPhase section */
		1DE253FA225C6909008A4702 /* Frameworks */ = {
			isa = PBXFrameworksBuildPhase;
			buildActionMask = 2147483647;
			files = (
			);
			runOnlyForDeploymentPostprocessing = 0;
		};
/* End PBXFrameworksBuildPhase section */

/* Begin PBXGroup section */
		1DE253F4225C6909008A4702 = {
			isa = PBXGroup;
			children = (
				1DE253FF225C6909008A4702 /* AboutOldPhones */,
				1DE253FE225C6909008A4702 /* Products */,
			);
			sourceTree = "<group>";
		};
		1DE253FE225C6909008A4702 /* Products */ = {
			isa = PBXGroup;
			children = (
				1DE253FD225C6909008A4702 /* AboutOldPhones.app */,
			);
			name = Products;
			sourceTree = "<group>";
		};
		1DE253FF225C6909008A4702 /* AboutOldPhones */ = {
			isa = PBXGroup;
			children = (
				1DE25400225C6909008A4702 /* AppDelegate.swift */,
				1DE25402225C6909008A4702 /* ViewController.swift */,
				1DE25404225C6909008A4702 /* Main.storyboard */,
				1DE2541A225C96BC008A4702 /* DetailViewController.swift */,
				1DE2541C225D91E7008A4702 /* ProductsTableViewController.swift */,
				1DE25418225C82E1008A4702 /* ProductsTableViewCell.swift */,
				1DE25412225C7B49008A4702 /* USViewController.swift */,
				1DE25407225C690A008A4702 /* Assets.xcassets */,
				1DE25409225C690A008A4702 /* LaunchScreen.storyboard */,
				1DE2540C225C690A008A4702 /* Info.plist */,
			);
			path = AboutOldPhones;
			sourceTree = "<group>";
		};
/* End PBXGroup section */

/* Begin PBXNativeTarget section */
		1DE253FC225C6909008A4702 /* AboutOldPhones */ = {
			isa = PBXNativeTarget;
			buildConfigurationList = 1DE2540F225C690A008A4702 /* Build configuration list for PBXNativeTarget "AboutOldPhones" */;
			buildPhases = (
				1DE253F9225C6909008A4702 /* Sources */,
				1DE253FA225C6909008A4702 /* Frameworks */,
				1DE253FB225C6909008A4702 /* Resources */,
			);
			buildRules = (
			);
			dependencies = (
			);
			name = AboutOldPhones;
			productName = AboutOldPhones;
			productReference = 1DE253FD225C6909008A4702 /* AboutOldPhones.app */;
			productType = "com.apple.product-type.application";
		};
/* End PBXNativeTarget section */

/* Begin PBXProject section */
		1DE253F5225C6909008A4702 /* Project object */ = {
			isa = PBXProject;
			attributes = {
				LastSwiftUpdateCheck = 1020;
				LastUpgradeCheck = 1020;
				ORGANIZATIONNAME = Seoyoung;
				TargetAttributes = {
					1DE253FC225C6909008A4702 = {
						CreatedOnToolsVersion = 10.2;
					};
				};
			};
			buildConfigurationList = 1DE253F8225C6909008A4702 /* Build configuration list for PBXProject "AboutOldPhones" */;
			compatibilityVersion = "Xcode 9.3";
			developmentRegion = en;
			hasScannedForEncodings = 0;
			knownRegions = (
				en,
				Base,
			);
			mainGroup = 1DE253F4225C6909008A4702;
			productRefGroup = 1DE253FE225C6909008A4702 /* Products */;
			projectDirPath = "";
			projectRoot = "";
			targets = (
				1DE253FC225C6909008A4702 /* AboutOldPhones */,
			);
		};
/* End PBXProject section */

/* Begin PBXResourcesBuildPhase section */
		1DE253FB225C6909008A4702 /* Resources */ = {
			isa = PBXResourcesBuildPhase;
			buildActionMask = 2147483647;
			files = (
				1DE2540B225C690A008A4702 /* LaunchScreen.storyboard in Resources */,
				1DE25408225C690A008A4702 /* Assets.xcassets in Resources */,
				1DE25406225C6909008A4702 /* Main.storyboard in Resources */,
			);
			runOnlyForDeploymentPostprocessing = 0;
		};
/* End PBXResourcesBuildPhase section */

/* Begin PBXSourcesBuildPhase section */
		1DE253F9225C6909008A4702 /* Sources */ = {
			isa = PBXSourcesBuildPhase;
			buildActionMask = 2147483647;
			files = (
				1DE25403225C6909008A4702 /* ViewController.swift in Sources */,
				1DE2541D225D91E7008A4702 /* ProductsTableViewController.swift in Sources */,
				1DE25419225C82E1008A4702 /* ProductsTableViewCell.swift in Sources */,
				1DE2541B225C96BC008A4702 /* DetailViewController.swift in Sources */,
				1DE25401225C6909008A4702 /* AppDelegate.swift in Sources */,
				1DE25413225C7B49008A4702 /* USViewController.swift in Sources */,
			);
			runOnlyForDeploymentPostprocessing = 0;
		};
/* End PBXSourcesBuildPhase section */

/* Begin PBXVariantGroup section */
		1DE25404225C6909008A4702 /* Main.storyboard */ = {
			isa = PBXVariantGroup;
			children = (
				1DE25405225C6909008A4702 /* Base */,
			);
			name = Main.storyboard;
			sourceTree = "<group>";
		};
		1DE25409225C690A008A4702 /* LaunchScreen.storyboard */ = {
			isa = PBXVariantGroup;
			children = (
				1DE2540A225C690A008A4702 /* Base */,
			);
			name = LaunchScreen.storyboard;
			sourceTree = "<group>";
		};
/* End PBXVariantGroup section */

/* Begin XCBuildConfiguration section */
		1DE2540D225C690A008A4702 /* Debug */ = {
			isa = XCBuildConfiguration;
			buildSettings = {
				ALWAYS_SEARCH_USER_PATHS = NO;
				CLANG_ANALYZER_NONNULL = YES;
				CLANG_ANALYZER_NUMBER_OBJECT_CONVERSION = YES_AGGRESSIVE;
				CLANG_CXX_LANGUAGE_STANDARD = "gnu++14";
				CLANG_CXX_LIBRARY = "libc++";
				CLANG_ENABLE_MODULES = YES;
				CLANG_ENABLE_OBJC_ARC = YES;
				CLANG_ENABLE_OBJC_WEAK = YES;
				CLANG_WARN_BLOCK_CAPTURE_AUTORELEASING = YES;
				CLANG_WARN_BOOL_CONVERSION = YES;
				CLANG_WARN_COMMA = YES;
				CLANG_WARN_CONSTANT_CONVERSION = YES;
				CLANG_WARN_DEPRECATED_OBJC_IMPLEMENTATIONS = YES;
				CLANG_WARN_DIRECT_OBJC_ISA_USAGE = YES_ERROR;
				CLANG_WARN_DOCUMENTATION_COMMENTS = YES;
				CLANG_WARN_EMPTY_BODY = YES;
				CLANG_WARN_ENUM_CONVERSION = YES;
				CLANG_WARN_INFINITE_RECURSION = YES;
				CLANG_WARN_INT_CONVERSION = YES;
				CLANG_WARN_NON_LITERAL_NULL_CONVERSION = YES;
				CLANG_WARN_OBJC_IMPLICIT_RETAIN_SELF = YES;
				CLANG_WARN_OBJC_LITERAL_CONVERSION = YES;
				CLANG_WARN_OBJC_ROOT_CLASS = YES_ERROR;
				CLANG_WARN_RANGE_LOOP_ANALYSIS = YES;
				CLANG_WARN_STRICT_PROTOTYPES = YES;
				CLANG_WARN_SUSPICIOUS_MOVE = YES;
				CLANG_WARN_UNGUARDED_AVAILABILITY = YES_AGGRESSIVE;
				CLANG_WARN_UNREACHABLE_CODE = YES;
				CLANG_WARN__DUPLICATE_METHOD_MATCH = YES;
				CODE_SIGN_IDENTITY = "iPhone Developer";
				COPY_PHASE_STRIP = NO;
				DEBUG_INFORMATION_FORMAT = dwarf;
				ENABLE_STRICT_OBJC_MSGSEND = YES;
				ENABLE_TESTABILITY = YES;
				GCC_C_LANGUAGE_STANDARD = gnu11;
				GCC_DYNAMIC_NO_PIC = NO;
				GCC_NO_COMMON_BLOCKS = YES;
				GCC_OPTIMIZATION_LEVEL = 0;
				GCC_PREPROCESSOR_DEFINITIONS = (
					"DEBUG=1",
					"$(inherited)",
				);
				GCC_WARN_64_TO_32_BIT_CONVERSION = YES;
				GCC_WARN_ABOUT_RETURN_TYPE = YES_ERROR;
				GCC_WARN_UNDECLARED_SELECTOR = YES;
				GCC_WARN_UNINITIALIZED_AUTOS = YES_AGGRESSIVE;
				GCC_WARN_UNUSED_FUNCTION = YES;
				GCC_WARN_UNUSED_VARIABLE = YES;
				IPHONEOS_DEPLOYMENT_TARGET = 12.2;
				MTL_ENABLE_DEBUG_INFO = INCLUDE_SOURCE;
				MTL_FAST_MATH = YES;
				ONLY_ACTIVE_ARCH = YES;
				SDKROOT = iphoneos;
				SWIFT_ACTIVE_COMPILATION_CONDITIONS = DEBUG;
				SWIFT_OPTIMIZATION_LEVEL = "-Onone";
			};
			name = Debug;
		};
		1DE2540E225C690A008A4702 /* Release */ = {
			isa = XCBuildConfiguration;
			buildSettings = {
				ALWAYS_SEARCH_USER_PATHS = NO;
				CLANG_ANALYZER_NONNULL = YES;
				CLANG_ANALYZER_NUMBER_OBJECT_CONVERSION = YES_AGGRESSIVE;
				CLANG_CXX_LANGUAGE_STANDARD = "gnu++14";
				CLANG_CXX_LIBRARY = "libc++";
				CLANG_ENABLE_MODULES = YES;
				CLANG_ENABLE_OBJC_ARC = YES;
				CLANG_ENABLE_OBJC_WEAK = YES;
				CLANG_WARN_BLOCK_CAPTURE_AUTORELEASING = YES;
				CLANG_WARN_BOOL_CONVERSION = YES;
				CLANG_WARN_COMMA = YES;
				CLANG_WARN_CONSTANT_CONVERSION = YES;
				CLANG_WARN_DEPRECATED_OBJC_IMPLEMENTATIONS = YES;
				CLANG_WARN_DIRECT_OBJC_ISA_USAGE = YES_ERROR;
				CLANG_WARN_DOCUMENTATION_COMMENTS = YES;
				CLANG_WARN_EMPTY_BODY = YES;
				CLANG_WARN_ENUM_CONVERSION = YES;
				CLANG_WARN_INFINITE_RECURSION = YES;
				CLANG_WARN_INT_CONVERSION = YES;
				CLANG_WARN_NON_LITERAL_NULL_CONVERSION = YES;
				CLANG_WARN_OBJC_IMPLICIT_RETAIN_SELF = YES;
				CLANG_WARN_OBJC_LITERAL_CONVERSION = YES;
				CLANG_WARN_OBJC_ROOT_CLASS = YES_ERROR;
				CLANG_WARN_RANGE_LOOP_ANALYSIS = YES;
				CLANG_WARN_STRICT_PROTOTYPES = YES;
				CLANG_WARN_SUSPICIOUS_MOVE = YES;
				CLANG_WARN_UNGUARDED_AVAILABILITY = YES_AGGRESSIVE;
				CLANG_WARN_UNREACHABLE_CODE = YES;
				CLANG_WARN__DUPLICATE_METHOD_MATCH = YES;
				CODE_SIGN_IDENTITY = "iPhone Developer";
				COPY_PHASE_STRIP = NO;
				DEBUG_INFORMATION_FORMAT = "dwarf-with-dsym";
				ENABLE_NS_ASSERTIONS = NO;
				ENABLE_STRICT_OBJC_MSGSEND = YES;
				GCC_C_LANGUAGE_STANDARD = gnu11;
				GCC_NO_COMMON_BLOCKS = YES;
				GCC_WARN_64_TO_32_BIT_CONVERSION = YES;
				GCC_WARN_ABOUT_RETURN_TYPE = YES_ERROR;
				GCC_WARN_UNDECLARED_SELECTOR = YES;
				GCC_WARN_UNINITIALIZED_AUTOS = YES_AGGRESSIVE;
				GCC_WARN_UNUSED_FUNCTION = YES;
				GCC_WARN_UNUSED_VARIABLE = YES;
				IPHONEOS_DEPLOYMENT_TARGET = 12.2;
				MTL_ENABLE_DEBUG_INFO = NO;
				MTL_FAST_MATH = YES;
				SDKROOT = iphoneos;
				SWIFT_COMPILATION_MODE = wholemodule;
				SWIFT_OPTIMIZATION_LEVEL = "-O";
				VALIDATE_PRODUCT = YES;
			};
			name = Release;
		};
		1DE25410225C690A008A4702 /* Debug */ = {
			isa = XCBuildConfiguration;
			buildSettings = {
				ASSETCATALOG_COMPILER_APPICON_NAME = AppIcon;
				CODE_SIGN_STYLE = Automatic;
				DEVELOPMENT_TEAM = "";
				INFOPLIST_FILE = AboutOldPhones/Info.plist;
				LD_RUNPATH_SEARCH_PATHS = (
					"$(inherited)",
					"@executable_path/Frameworks",
				);
				PRODUCT_BUNDLE_IDENTIFIER = com.seoyoung.AboutOldPhones;
				PRODUCT_NAME = "$(TARGET_NAME)";
				SWIFT_VERSION = 5.0;
				TARGETED_DEVICE_FAMILY = "1,2";
			};
			name = Debug;
		};
		1DE25411225C690A008A4702 /* Release */ = {
			isa = XCBuildConfiguration;
			buildSettings = {
				ASSETCATALOG_COMPILER_APPICON_NAME = AppIcon;
				CODE_SIGN_STYLE = Automatic;
				DEVELOPMENT_TEAM = "";
				INFOPLIST_FILE = AboutOldPhones/Info.plist;
				LD_RUNPATH_SEARCH_PATHS = (
					"$(inherited)",
					"@executable_path/Frameworks",
				);
				PRODUCT_BUNDLE_IDENTIFIER = com.seoyoung.AboutOldPhones;
				PRODUCT_NAME = "$(TARGET_NAME)";
				SWIFT_VERSION = 5.0;
				TARGETED_DEVICE_FAMILY = "1,2";
			};
			name = Release;
		};
/* End XCBuildConfiguration section */

/* Begin XCConfigurationList section */
		1DE253F8225C6909008A4702 /* Build configuration list for PBXProject "AboutOldPhones" */ = {
			isa = XCConfigurationList;
			buildConfigurations = (
				1DE2540D225C690A008A4702 /* Debug */,
				1DE2540E225C690A008A4702 /* Release */,
			);
			defaultConfigurationIsVisible = 0;
			defaultConfigurationName = Release;
		};
		1DE2540F225C690A008A4702 /* Build configuration list for PBXNativeTarget "AboutOldPhones" */ = {
			isa = XCConfigurationList;
			buildConfigurations = (
				1DE25410225C690A008A4702 /* Debug */,
				1DE25411225C690A008A4702 /* Release */,
			);
			defaultConfigurationIsVisible = 0;
			defaultConfigurationName = Release;
		};
/* End XCConfigurationList section */
	};
	rootObject = 1DE253F5225C6909008A4702 /* Project object */;
}
