// !$*UTF8*$!
{
	archiveVersion = 1;
	classes = {
	};
	objectVersion = 50;
	objects = {

/* Begin PBXBuildFile section */
		1DFBD7A02271612E007E6AA1 /* AppDelegate.swift in Sources */ = {isa = PBXBuildFile; fileRef = 1DFBD79F2271612E007E6AA1 /* AppDelegate.swift */; };
		1DFBD7A22271612E007E6AA1 /* ViewController.swift in Sources */ = {isa = PBXBuildFile; fileRef = 1DFBD7A12271612E007E6AA1 /* ViewController.swift */; };
		1DFBD7A52271612E007E6AA1 /* Main.storyboard in Resources */ = {isa = PBXBuildFile; fileRef = 1DFBD7A32271612E007E6AA1 /* Main.storyboard */; };
		1DFBD7A72271612F007E6AA1 /* Assets.xcassets in Resources */ = {isa = PBXBuildFile; fileRef = 1DFBD7A62271612F007E6AA1 /* Assets.xcassets */; };
		1DFBD7AA2271612F007E6AA1 /* LaunchScreen.storyboard in Resources */ = {isa = PBXBuildFile; fileRef = 1DFBD7A82271612F007E6AA1 /* LaunchScreen.storyboard */; };
		1DFBD7B222716170007E6AA1 /* albums.json in Resources */ = {isa = PBXBuildFile; fileRef = 1DFBD7B122716170007E6AA1 /* albums.json */; };
		1DFBD7B422716245007E6AA1 /* Constants.swift in Sources */ = {isa = PBXBuildFile; fileRef = 1DFBD7B322716245007E6AA1 /* Constants.swift */; };
		1DFBD7B722717FD1007E6AA1 /* Scroller.swift in Sources */ = {isa = PBXBuildFile; fileRef = 1DFBD7B622717FD1007E6AA1 /* Scroller.swift */; };
		1DFBD7BC227181A2007E6AA1 /* Ablum.swift in Sources */ = {isa = PBXBuildFile; fileRef = 1DFBD7BB227181A2007E6AA1 /* Ablum.swift */; };
		1DFBD7BE22719152007E6AA1 /* LibraryAPI.swift in Sources */ = {isa = PBXBuildFile; fileRef = 1DFBD7BD22719152007E6AA1 /* LibraryAPI.swift */; };
		1DFBD7F52272CE50007E6AA1 /* HTTP.swift in Sources */ = {isa = PBXBuildFile; fileRef = 1DFBD7F42272CE50007E6AA1 /* HTTP.swift */; };
		1DFBD7F72272CE69007E6AA1 /* PersistencyManager.swift in Sources */ = {isa = PBXBuildFile; fileRef = 1DFBD7F62272CE69007E6AA1 /* PersistencyManager.swift */; };
		1DFBD7F92272CEAE007E6AA1 /* AlbumView.swift in Sources */ = {isa = PBXBuildFile; fileRef = 1DFBD7F82272CEAE007E6AA1 /* AlbumView.swift */; };
/* End PBXBuildFile section */

/* Begin PBXFileReference section */
		1DFBD79C2271612E007E6AA1 /* MusicAlbum.app */ = {isa = PBXFileReference; explicitFileType = wrapper.application; includeInIndex = 0; path = MusicAlbum.app; sourceTree = BUILT_PRODUCTS_DIR; };
		1DFBD79F2271612E007E6AA1 /* AppDelegate.swift */ = {isa = PBXFileReference; lastKnownFileType = sourcecode.swift; path = AppDelegate.swift; sourceTree = "<group>"; };
		1DFBD7A12271612E007E6AA1 /* ViewController.swift */ = {isa = PBXFileReference; lastKnownFileType = sourcecode.swift; path = ViewController.swift; sourceTree = "<group>"; };
		1DFBD7A42271612E007E6AA1 /* Base */ = {isa = PBXFileReference; lastKnownFileType = file.storyboard; name = Base; path = Base.lproj/Main.storyboard; sourceTree = "<group>"; };
		1DFBD7A62271612F007E6AA1 /* Assets.xcassets */ = {isa = PBXFileReference; lastKnownFileType = folder.assetcatalog; path = Assets.xcassets; sourceTree = "<group>"; };
		1DFBD7A92271612F007E6AA1 /* Base */ = {isa = PBXFileReference; lastKnownFileType = file.storyboard; name = Base; path = Base.lproj/LaunchScreen.storyboard; sourceTree = "<group>"; };
		1DFBD7AB2271612F007E6AA1 /* Info.plist */ = {isa = PBXFileReference; lastKnownFileType = text.plist.xml; path = Info.plist; sourceTree = "<group>"; };
		1DFBD7B122716170007E6AA1 /* albums.json */ = {isa = PBXFileReference; fileEncoding = 4; lastKnownFileType = text.json; path = albums.json; sourceTree = "<group>"; };
		1DFBD7B322716245007E6AA1 /* Constants.swift */ = {isa = PBXFileReference; lastKnownFileType = sourcecode.swift; path = Constants.swift; sourceTree = "<group>"; };
		1DFBD7B622717FD1007E6AA1 /* Scroller.swift */ = {isa = PBXFileReference; lastKnownFileType = sourcecode.swift; path = Scroller.swift; sourceTree = "<group>"; };
		1DFBD7BB227181A2007E6AA1 /* Ablum.swift */ = {isa = PBXFileReference; lastKnownFileType = sourcecode.swift; path = Ablum.swift; sourceTree = "<group>"; };
		1DFBD7BD22719152007E6AA1 /* LibraryAPI.swift */ = {isa = PBXFileReference; lastKnownFileType = sourcecode.swift; path = LibraryAPI.swift; sourceTree = "<group>"; };
		1DFBD7F42272CE50007E6AA1 /* HTTP.swift */ = {isa = PBXFileReference; lastKnownFileType = sourcecode.swift; path = HTTP.swift; sourceTree = "<group>"; };
		1DFBD7F62272CE69007E6AA1 /* PersistencyManager.swift */ = {isa = PBXFileReference; lastKnownFileType = sourcecode.swift; path = PersistencyManager.swift; sourceTree = "<group>"; };
		1DFBD7F82272CEAE007E6AA1 /* AlbumView.swift */ = {isa = PBXFileReference; lastKnownFileType = sourcecode.swift; path = AlbumView.swift; sourceTree = "<group>"; };
/* End PBXFileReference section */

/* Begin PBXFrameworksBuildPhase section */
		1DFBD7992271612E007E6AA1 /* Frameworks */ = {
			isa = PBXFrameworksBuildPhase;
			buildActionMask = 2147483647;
			files = (
			);
			runOnlyForDeploymentPostprocessing = 0;
		};
/* End PBXFrameworksBuildPhase section */

/* Begin PBXGroup section */
		1DFBD7932271612E007E6AA1 = {
			isa = PBXGroup;
			children = (
				1DFBD79E2271612E007E6AA1 /* MusicAlbum */,
				1DFBD79D2271612E007E6AA1 /* Products */,
			);
			sourceTree = "<group>";
		};
		1DFBD79D2271612E007E6AA1 /* Products */ = {
			isa = PBXGroup;
			children = (
				1DFBD79C2271612E007E6AA1 /* MusicAlbum.app */,
			);
			name = Products;
			sourceTree = "<group>";
		};
		1DFBD79E2271612E007E6AA1 /* MusicAlbum */ = {
			isa = PBXGroup;
			children = (
				1DFBD7BA22718065007E6AA1 /* Model */,
				1DFBD7B922718043007E6AA1 /* Views */,
				1DFBD7B82271802F007E6AA1 /* API */,
				1DFBD7B522716270007E6AA1 /* Helper */,
				1DFBD79F2271612E007E6AA1 /* AppDelegate.swift */,
				1DFBD7A62271612F007E6AA1 /* Assets.xcassets */,
				1DFBD7AB2271612F007E6AA1 /* Info.plist */,
			);
			path = MusicAlbum;
			sourceTree = "<group>";
		};
		1DFBD7B522716270007E6AA1 /* Helper */ = {
			isa = PBXGroup;
			children = (
				1DFBD7B122716170007E6AA1 /* albums.json */,
				1DFBD7B322716245007E6AA1 /* Constants.swift */,
			);
			path = Helper;
			sourceTree = "<group>";
		};
		1DFBD7B82271802F007E6AA1 /* API */ = {
			isa = PBXGroup;
			children = (
				1DFBD7BD22719152007E6AA1 /* LibraryAPI.swift */,
				1DFBD7F42272CE50007E6AA1 /* HTTP.swift */,
				1DFBD7F62272CE69007E6AA1 /* PersistencyManager.swift */,
			);
			path = API;
			sourceTree = "<group>";
		};
		1DFBD7B922718043007E6AA1 /* Views */ = {
			isa = PBXGroup;
			children = (
				1DFBD7A32271612E007E6AA1 /* Main.storyboard */,
				1DFBD7A82271612F007E6AA1 /* LaunchScreen.storyboard */,
				1DFBD7B622717FD1007E6AA1 /* Scroller.swift */,
				1DFBD7A12271612E007E6AA1 /* ViewController.swift */,
				1DFBD7F82272CEAE007E6AA1 /* AlbumView.swift */,
			);
			path = Views;
			sourceTree = "<group>";
		};
		1DFBD7BA22718065007E6AA1 /* Model */ = {
			isa = PBXGroup;
			children = (
				1DFBD7BB227181A2007E6AA1 /* Ablum.swift */,
			);
			path = Model;
			sourceTree = "<group>";
		};
/* End PBXGroup section */

/* Begin PBXNativeTarget section */
		1DFBD79B2271612E007E6AA1 /* MusicAlbum */ = {
			isa = PBXNativeTarget;
			buildConfigurationList = 1DFBD7AE2271612F007E6AA1 /* Build configuration list for PBXNativeTarget "MusicAlbum" */;
			buildPhases = (
				1DFBD7982271612E007E6AA1 /* Sources */,
				1DFBD7992271612E007E6AA1 /* Frameworks */,
				1DFBD79A2271612E007E6AA1 /* Resources */,
			);
			buildRules = (
			);
			dependencies = (
			);
			name = MusicAlbum;
			productName = MusicAlbum;
			productReference = 1DFBD79C2271612E007E6AA1 /* MusicAlbum.app */;
			productType = "com.apple.product-type.application";
		};
/* End PBXNativeTarget section */

/* Begin PBXProject section */
		1DFBD7942271612E007E6AA1 /* Project object */ = {
			isa = PBXProject;
			attributes = {
				LastSwiftUpdateCheck = 1020;
				LastUpgradeCheck = 1020;
				ORGANIZATIONNAME = Seoyoung;
				TargetAttributes = {
					1DFBD79B2271612E007E6AA1 = {
						CreatedOnToolsVersion = 10.2.1;
					};
				};
			};
			buildConfigurationList = 1DFBD7972271612E007E6AA1 /* Build configuration list for PBXProject "MusicAlbum" */;
			compatibilityVersion = "Xcode 9.3";
			developmentRegion = en;
			hasScannedForEncodings = 0;
			knownRegions = (
				en,
				Base,
			);
			mainGroup = 1DFBD7932271612E007E6AA1;
			productRefGroup = 1DFBD79D2271612E007E6AA1 /* Products */;
			projectDirPath = "";
			projectRoot = "";
			targets = (
				1DFBD79B2271612E007E6AA1 /* MusicAlbum */,
			);
		};
/* End PBXProject section */

/* Begin PBXResourcesBuildPhase section */
		1DFBD79A2271612E007E6AA1 /* Resources */ = {
			isa = PBXResourcesBuildPhase;
			buildActionMask = 2147483647;
			files = (
				1DFBD7AA2271612F007E6AA1 /* LaunchScreen.storyboard in Resources */,
				1DFBD7A72271612F007E6AA1 /* Assets.xcassets in Resources */,
				1DFBD7A52271612E007E6AA1 /* Main.storyboard in Resources */,
				1DFBD7B222716170007E6AA1 /* albums.json in Resources */,
			);
			runOnlyForDeploymentPostprocessing = 0;
		};
/* End PBXResourcesBuildPhase section */

/* Begin PBXSourcesBuildPhase section */
		1DFBD7982271612E007E6AA1 /* Sources */ = {
			isa = PBXSourcesBuildPhase;
			buildActionMask = 2147483647;
			files = (
				1DFBD7A22271612E007E6AA1 /* ViewController.swift in Sources */,
				1DFBD7BC227181A2007E6AA1 /* Ablum.swift in Sources */,
				1DFBD7F52272CE50007E6AA1 /* HTTP.swift in Sources */,
				1DFBD7F92272CEAE007E6AA1 /* AlbumView.swift in Sources */,
				1DFBD7BE22719152007E6AA1 /* LibraryAPI.swift in Sources */,
				1DFBD7A02271612E007E6AA1 /* AppDelegate.swift in Sources */,
				1DFBD7B422716245007E6AA1 /* Constants.swift in Sources */,
				1DFBD7B722717FD1007E6AA1 /* Scroller.swift in Sources */,
				1DFBD7F72272CE69007E6AA1 /* PersistencyManager.swift in Sources */,
			);
			runOnlyForDeploymentPostprocessing = 0;
		};
/* End PBXSourcesBuildPhase section */

/* Begin PBXVariantGroup section */
		1DFBD7A32271612E007E6AA1 /* Main.storyboard */ = {
			isa = PBXVariantGroup;
			children = (
				1DFBD7A42271612E007E6AA1 /* Base */,
			);
			name = Main.storyboard;
			sourceTree = "<group>";
		};
		1DFBD7A82271612F007E6AA1 /* LaunchScreen.storyboard */ = {
			isa = PBXVariantGroup;
			children = (
				1DFBD7A92271612F007E6AA1 /* Base */,
			);
			name = LaunchScreen.storyboard;
			sourceTree = "<group>";
		};
/* End PBXVariantGroup section */

/* Begin XCBuildConfiguration section */
		1DFBD7AC2271612F007E6AA1 /* Debug */ = {
			isa = XCBuildConfiguration;
			buildSettings = {
				ALWAYS_SEARCH_USER_PATHS = NO;
				CLANG_ANALYZER_NONNULL = YES;
				CLANG_ANALYZER_NUMBER_OBJECT_CONVERSION = YES_AGGRESSIVE;
				CLANG_CXX_LANGUAGE_STANDARD = "gnu++14";
				CLANG_CXX_LIBRARY = "libc++";
				CLANG_ENABLE_MODULES = YES;
				CLANG_ENABLE_OBJC_ARC = YES;
				CLANG_ENABLE_OBJC_WEAK = YES;
				CLANG_WARN_BLOCK_CAPTURE_AUTORELEASING = YES;
				CLANG_WARN_BOOL_CONVERSION = YES;
				CLANG_WARN_COMMA = YES;
				CLANG_WARN_CONSTANT_CONVERSION = YES;
				CLANG_WARN_DEPRECATED_OBJC_IMPLEMENTATIONS = YES;
				CLANG_WARN_DIRECT_OBJC_ISA_USAGE = YES_ERROR;
				CLANG_WARN_DOCUMENTATION_COMMENTS = YES;
				CLANG_WARN_EMPTY_BODY = YES;
				CLANG_WARN_ENUM_CONVERSION = YES;
				CLANG_WARN_INFINITE_RECURSION = YES;
				CLANG_WARN_INT_CONVERSION = YES;
				CLANG_WARN_NON_LITERAL_NULL_CONVERSION = YES;
				CLANG_WARN_OBJC_IMPLICIT_RETAIN_SELF = YES;
				CLANG_WARN_OBJC_LITERAL_CONVERSION = YES;
				CLANG_WARN_OBJC_ROOT_CLASS = YES_ERROR;
				CLANG_WARN_RANGE_LOOP_ANALYSIS = YES;
				CLANG_WARN_STRICT_PROTOTYPES = YES;
				CLANG_WARN_SUSPICIOUS_MOVE = YES;
				CLANG_WARN_UNGUARDED_AVAILABILITY = YES_AGGRESSIVE;
				CLANG_WARN_UNREACHABLE_CODE = YES;
				CLANG_WARN__DUPLICATE_METHOD_MATCH = YES;
				CODE_SIGN_IDENTITY = "iPhone Developer";
				COPY_PHASE_STRIP = NO;
				DEBUG_INFORMATION_FORMAT = dwarf;
				ENABLE_STRICT_OBJC_MSGSEND = YES;
				ENABLE_TESTABILITY = YES;
				GCC_C_LANGUAGE_STANDARD = gnu11;
				GCC_DYNAMIC_NO_PIC = NO;
				GCC_NO_COMMON_BLOCKS = YES;
				GCC_OPTIMIZATION_LEVEL = 0;
				GCC_PREPROCESSOR_DEFINITIONS = (
					"DEBUG=1",
					"$(inherited)",
				);
				GCC_WARN_64_TO_32_BIT_CONVERSION = YES;
				GCC_WARN_ABOUT_RETURN_TYPE = YES_ERROR;
				GCC_WARN_UNDECLARED_SELECTOR = YES;
				GCC_WARN_UNINITIALIZED_AUTOS = YES_AGGRESSIVE;
				GCC_WARN_UNUSED_FUNCTION = YES;
				GCC_WARN_UNUSED_VARIABLE = YES;
				IPHONEOS_DEPLOYMENT_TARGET = 12.2;
				MTL_ENABLE_DEBUG_INFO = INCLUDE_SOURCE;
				MTL_FAST_MATH = YES;
				ONLY_ACTIVE_ARCH = YES;
				SDKROOT = iphoneos;
				SWIFT_ACTIVE_COMPILATION_CONDITIONS = DEBUG;
				SWIFT_OPTIMIZATION_LEVEL = "-Onone";
			};
			name = Debug;
		};
		1DFBD7AD2271612F007E6AA1 /* Release */ = {
			isa = XCBuildConfiguration;
			buildSettings = {
				ALWAYS_SEARCH_USER_PATHS = NO;
				CLANG_ANALYZER_NONNULL = YES;
				CLANG_ANALYZER_NUMBER_OBJECT_CONVERSION = YES_AGGRESSIVE;
				CLANG_CXX_LANGUAGE_STANDARD = "gnu++14";
				CLANG_CXX_LIBRARY = "libc++";
				CLANG_ENABLE_MODULES = YES;
				CLANG_ENABLE_OBJC_ARC = YES;
				CLANG_ENABLE_OBJC_WEAK = YES;
				CLANG_WARN_BLOCK_CAPTURE_AUTORELEASING = YES;
				CLANG_WARN_BOOL_CONVERSION = YES;
				CLANG_WARN_COMMA = YES;
				CLANG_WARN_CONSTANT_CONVERSION = YES;
				CLANG_WARN_DEPRECATED_OBJC_IMPLEMENTATIONS = YES;
				CLANG_WARN_DIRECT_OBJC_ISA_USAGE = YES_ERROR;
				CLANG_WARN_DOCUMENTATION_COMMENTS = YES;
				CLANG_WARN_EMPTY_BODY = YES;
				CLANG_WARN_ENUM_CONVERSION = YES;
				CLANG_WARN_INFINITE_RECURSION = YES;
				CLANG_WARN_INT_CONVERSION = YES;
				CLANG_WARN_NON_LITERAL_NULL_CONVERSION = YES;
				CLANG_WARN_OBJC_IMPLICIT_RETAIN_SELF = YES;
				CLANG_WARN_OBJC_LITERAL_CONVERSION = YES;
				CLANG_WARN_OBJC_ROOT_CLASS = YES_ERROR;
				CLANG_WARN_RANGE_LOOP_ANALYSIS = YES;
				CLANG_WARN_STRICT_PROTOTYPES = YES;
				CLANG_WARN_SUSPICIOUS_MOVE = YES;
				CLANG_WARN_UNGUARDED_AVAILABILITY = YES_AGGRESSIVE;
				CLANG_WARN_UNREACHABLE_CODE = YES;
				CLANG_WARN__DUPLICATE_METHOD_MATCH = YES;
				CODE_SIGN_IDENTITY = "iPhone Developer";
				COPY_PHASE_STRIP = NO;
				DEBUG_INFORMATION_FORMAT = "dwarf-with-dsym";
				ENABLE_NS_ASSERTIONS = NO;
				ENABLE_STRICT_OBJC_MSGSEND = YES;
				GCC_C_LANGUAGE_STANDARD = gnu11;
				GCC_NO_COMMON_BLOCKS = YES;
				GCC_WARN_64_TO_32_BIT_CONVERSION = YES;
				GCC_WARN_ABOUT_RETURN_TYPE = YES_ERROR;
				GCC_WARN_UNDECLARED_SELECTOR = YES;
				GCC_WARN_UNINITIALIZED_AUTOS = YES_AGGRESSIVE;
				GCC_WARN_UNUSED_FUNCTION = YES;
				GCC_WARN_UNUSED_VARIABLE = YES;
				IPHONEOS_DEPLOYMENT_TARGET = 12.2;
				MTL_ENABLE_DEBUG_INFO = NO;
				MTL_FAST_MATH = YES;
				SDKROOT = iphoneos;
				SWIFT_COMPILATION_MODE = wholemodule;
				SWIFT_OPTIMIZATION_LEVEL = "-O";
				VALIDATE_PRODUCT = YES;
			};
			name = Release;
		};
		1DFBD7AF2271612F007E6AA1 /* Debug */ = {
			isa = XCBuildConfiguration;
			buildSettings = {
				ASSETCATALOG_COMPILER_APPICON_NAME = AppIcon;
				CODE_SIGN_STYLE = Automatic;
				DEVELOPMENT_TEAM = "";
				INFOPLIST_FILE = MusicAlbum/Info.plist;
				LD_RUNPATH_SEARCH_PATHS = (
					"$(inherited)",
					"@executable_path/Frameworks",
				);
				PRODUCT_BUNDLE_IDENTIFIER = com.seoyoung.MusicAlbum;
				PRODUCT_NAME = "$(TARGET_NAME)";
				SWIFT_VERSION = 5.0;
				TARGETED_DEVICE_FAMILY = "1,2";
			};
			name = Debug;
		};
		1DFBD7B02271612F007E6AA1 /* Release */ = {
			isa = XCBuildConfiguration;
			buildSettings = {
				ASSETCATALOG_COMPILER_APPICON_NAME = AppIcon;
				CODE_SIGN_STYLE = Automatic;
				DEVELOPMENT_TEAM = "";
				INFOPLIST_FILE = MusicAlbum/Info.plist;
				LD_RUNPATH_SEARCH_PATHS = (
					"$(inherited)",
					"@executable_path/Frameworks",
				);
				PRODUCT_BUNDLE_IDENTIFIER = com.seoyoung.MusicAlbum;
				PRODUCT_NAME = "$(TARGET_NAME)";
				SWIFT_VERSION = 5.0;
				TARGETED_DEVICE_FAMILY = "1,2";
			};
			name = Release;
		};
/* End XCBuildConfiguration section */

/* Begin XCConfigurationList section */
		1DFBD7972271612E007E6AA1 /* Build configuration list for PBXProject "MusicAlbum" */ = {
			isa = XCConfigurationList;
			buildConfigurations = (
				1DFBD7AC2271612F007E6AA1 /* Debug */,
				1DFBD7AD2271612F007E6AA1 /* Release */,
			);
			defaultConfigurationIsVisible = 0;
			defaultConfigurationName = Release;
		};
		1DFBD7AE2271612F007E6AA1 /* Build configuration list for PBXNativeTarget "MusicAlbum" */ = {
			isa = XCConfigurationList;
			buildConfigurations = (
				1DFBD7AF2271612F007E6AA1 /* Debug */,
				1DFBD7B02271612F007E6AA1 /* Release */,
			);
			defaultConfigurationIsVisible = 0;
			defaultConfigurationName = Release;
		};
/* End XCConfigurationList section */
	};
	rootObject = 1DFBD7942271612E007E6AA1 /* Project object */;
}
