// !$*UTF8*$!
{
	archiveVersion = 1;
	classes = {
	};
	objectVersion = 50;
	objects = {

/* Begin PBXBuildFile section */
		1DE1FC5A2292A362009BCA47 /* AppDelegate.swift in Sources */ = {isa = PBXBuildFile; fileRef = 1DE1FC592292A362009BCA47 /* AppDelegate.swift */; };
		1DE1FC5C2292A362009BCA47 /* ViewController.swift in Sources */ = {isa = PBXBuildFile; fileRef = 1DE1FC5B2292A362009BCA47 /* ViewController.swift */; };
		1DE1FC612292A363009BCA47 /* Assets.xcassets in Resources */ = {isa = PBXBuildFile; fileRef = 1DE1FC602292A363009BCA47 /* Assets.xcassets */; };
		1DE1FC642292A363009BCA47 /* LaunchScreen.storyboard in Resources */ = {isa = PBXBuildFile; fileRef = 1DE1FC622292A363009BCA47 /* LaunchScreen.storyboard */; };
		1DE1FC6E2292A37E009BCA47 /* hogwarts_express.jpg in Resources */ = {isa = PBXBuildFile; fileRef = 1DE1FC6B2292A37E009BCA47 /* hogwarts_express.jpg */; };
		1DE1FC6F2292A37E009BCA47 /* Default-568h@2x.png in Resources */ = {isa = PBXBuildFile; fileRef = 1DE1FC6C2292A37E009BCA47 /* Default-568h@2x.png */; };
		1DE1FC702292A37E009BCA47 /* GoogLeNetPlaces.mlmodel in Sources */ = {isa = PBXBuildFile; fileRef = 1DE1FC6D2292A37E009BCA47 /* GoogLeNetPlaces.mlmodel */; };
		1DE1FC772292A7C1009BCA47 /* Main.storyboard in Resources */ = {isa = PBXBuildFile; fileRef = 1DE1FC762292A7C0009BCA47 /* Main.storyboard */; };
/* End PBXBuildFile section */

/* Begin PBXFileReference section */
		1DE1FC562292A362009BCA47 /* SceneDetector_new.app */ = {isa = PBXFileReference; explicitFileType = wrapper.application; includeInIndex = 0; path = SceneDetector_new.app; sourceTree = BUILT_PRODUCTS_DIR; };
		1DE1FC592292A362009BCA47 /* AppDelegate.swift */ = {isa = PBXFileReference; lastKnownFileType = sourcecode.swift; path = AppDelegate.swift; sourceTree = "<group>"; };
		1DE1FC5B2292A362009BCA47 /* ViewController.swift */ = {isa = PBXFileReference; lastKnownFileType = sourcecode.swift; path = ViewController.swift; sourceTree = "<group>"; };
		1DE1FC602292A363009BCA47 /* Assets.xcassets */ = {isa = PBXFileReference; lastKnownFileType = folder.assetcatalog; path = Assets.xcassets; sourceTree = "<group>"; };
		1DE1FC632292A363009BCA47 /* Base */ = {isa = PBXFileReference; lastKnownFileType = file.storyboard; name = Base; path = Base.lproj/LaunchScreen.storyboard; sourceTree = "<group>"; };
		1DE1FC652292A363009BCA47 /* Info.plist */ = {isa = PBXFileReference; lastKnownFileType = text.plist.xml; path = Info.plist; sourceTree = "<group>"; };
		1DE1FC6B2292A37E009BCA47 /* hogwarts_express.jpg */ = {isa = PBXFileReference; lastKnownFileType = image.jpeg; name = hogwarts_express.jpg; path = ../../SceneDetector/SceneDetector/hogwarts_express.jpg; sourceTree = "<group>"; };
		1DE1FC6C2292A37E009BCA47 /* Default-568h@2x.png */ = {isa = PBXFileReference; lastKnownFileType = image.png; name = "Default-568h@2x.png"; path = "../../SceneDetector/SceneDetector/Default-568h@2x.png"; sourceTree = "<group>"; };
		1DE1FC6D2292A37E009BCA47 /* GoogLeNetPlaces.mlmodel */ = {isa = PBXFileReference; lastKnownFileType = file.mlmodel; name = GoogLeNetPlaces.mlmodel; path = ../../SceneDetector/SceneDetector/GoogLeNetPlaces.mlmodel; sourceTree = "<group>"; };
		1DE1FC762292A7C0009BCA47 /* Main.storyboard */ = {isa = PBXFileReference; fileEncoding = 4; lastKnownFileType = file.storyboard; name = Main.storyboard; path = ../../SceneDetector/SceneDetector/Main.storyboard; sourceTree = "<group>"; };
/* End PBXFileReference section */

/* Begin PBXFrameworksBuildPhase section */
		1DE1FC532292A362009BCA47 /* Frameworks */ = {
			isa = PBXFrameworksBuildPhase;
			buildActionMask = 2147483647;
			files = (
			);
			runOnlyForDeploymentPostprocessing = 0;
		};
/* End PBXFrameworksBuildPhase section */

/* Begin PBXGroup section */
		1DE1FC4D2292A362009BCA47 = {
			isa = PBXGroup;
			children = (
				1DE1FC582292A362009BCA47 /* SceneDetector_new */,
				1DE1FC572292A362009BCA47 /* Products */,
			);
			sourceTree = "<group>";
		};
		1DE1FC572292A362009BCA47 /* Products */ = {
			isa = PBXGroup;
			children = (
				1DE1FC562292A362009BCA47 /* SceneDetector_new.app */,
			);
			name = Products;
			sourceTree = "<group>";
		};
		1DE1FC582292A362009BCA47 /* SceneDetector_new */ = {
			isa = PBXGroup;
			children = (
				1DE1FC5B2292A362009BCA47 /* ViewController.swift */,
				1DE1FC762292A7C0009BCA47 /* Main.storyboard */,
				1DE1FC6C2292A37E009BCA47 /* Default-568h@2x.png */,
				1DE1FC6D2292A37E009BCA47 /* GoogLeNetPlaces.mlmodel */,
				1DE1FC6B2292A37E009BCA47 /* hogwarts_express.jpg */,
				1DE1FC592292A362009BCA47 /* AppDelegate.swift */,
				1DE1FC602292A363009BCA47 /* Assets.xcassets */,
				1DE1FC622292A363009BCA47 /* LaunchScreen.storyboard */,
				1DE1FC652292A363009BCA47 /* Info.plist */,
			);
			path = SceneDetector_new;
			sourceTree = "<group>";
		};
/* End PBXGroup section */

/* Begin PBXNativeTarget section */
		1DE1FC552292A362009BCA47 /* SceneDetector_new */ = {
			isa = PBXNativeTarget;
			buildConfigurationList = 1DE1FC682292A363009BCA47 /* Build configuration list for PBXNativeTarget "SceneDetector_new" */;
			buildPhases = (
				1DE1FC522292A362009BCA47 /* Sources */,
				1DE1FC532292A362009BCA47 /* Frameworks */,
				1DE1FC542292A362009BCA47 /* Resources */,
			);
			buildRules = (
			);
			dependencies = (
			);
			name = SceneDetector_new;
			productName = SceneDetector_new;
			productReference = 1DE1FC562292A362009BCA47 /* SceneDetector_new.app */;
			productType = "com.apple.product-type.application";
		};
/* End PBXNativeTarget section */

/* Begin PBXProject section */
		1DE1FC4E2292A362009BCA47 /* Project object */ = {
			isa = PBXProject;
			attributes = {
				LastSwiftUpdateCheck = 1020;
				LastUpgradeCheck = 1020;
				ORGANIZATIONNAME = Seoyoung;
				TargetAttributes = {
					1DE1FC552292A362009BCA47 = {
						CreatedOnToolsVersion = 10.2.1;
					};
				};
			};
			buildConfigurationList = 1DE1FC512292A362009BCA47 /* Build configuration list for PBXProject "SceneDetector_new" */;
			compatibilityVersion = "Xcode 9.3";
			developmentRegion = en;
			hasScannedForEncodings = 0;
			knownRegions = (
				en,
				Base,
			);
			mainGroup = 1DE1FC4D2292A362009BCA47;
			productRefGroup = 1DE1FC572292A362009BCA47 /* Products */;
			projectDirPath = "";
			projectRoot = "";
			targets = (
				1DE1FC552292A362009BCA47 /* SceneDetector_new */,
			);
		};
/* End PBXProject section */

/* Begin PBXResourcesBuildPhase section */
		1DE1FC542292A362009BCA47 /* Resources */ = {
			isa = PBXResourcesBuildPhase;
			buildActionMask = 2147483647;
			files = (
				1DE1FC642292A363009BCA47 /* LaunchScreen.storyboard in Resources */,
				1DE1FC772292A7C1009BCA47 /* Main.storyboard in Resources */,
				1DE1FC612292A363009BCA47 /* Assets.xcassets in Resources */,
				1DE1FC6F2292A37E009BCA47 /* Default-568h@2x.png in Resources */,
				1DE1FC6E2292A37E009BCA47 /* hogwarts_express.jpg in Resources */,
			);
			runOnlyForDeploymentPostprocessing = 0;
		};
/* End PBXResourcesBuildPhase section */

/* Begin PBXSourcesBuildPhase section */
		1DE1FC522292A362009BCA47 /* Sources */ = {
			isa = PBXSourcesBuildPhase;
			buildActionMask = 2147483647;
			files = (
				1DE1FC5C2292A362009BCA47 /* ViewController.swift in Sources */,
				1DE1FC5A2292A362009BCA47 /* AppDelegate.swift in Sources */,
				1DE1FC702292A37E009BCA47 /* GoogLeNetPlaces.mlmodel in Sources */,
			);
			runOnlyForDeploymentPostprocessing = 0;
		};
/* End PBXSourcesBuildPhase section */

/* Begin PBXVariantGroup section */
		1DE1FC622292A363009BCA47 /* LaunchScreen.storyboard */ = {
			isa = PBXVariantGroup;
			children = (
				1DE1FC632292A363009BCA47 /* Base */,
			);
			name = LaunchScreen.storyboard;
			sourceTree = "<group>";
		};
/* End PBXVariantGroup section */

/* Begin XCBuildConfiguration section */
		1DE1FC662292A363009BCA47 /* Debug */ = {
			isa = XCBuildConfiguration;
			buildSettings = {
				ALWAYS_SEARCH_USER_PATHS = NO;
				CLANG_ANALYZER_NONNULL = YES;
				CLANG_ANALYZER_NUMBER_OBJECT_CONVERSION = YES_AGGRESSIVE;
				CLANG_CXX_LANGUAGE_STANDARD = "gnu++14";
				CLANG_CXX_LIBRARY = "libc++";
				CLANG_ENABLE_MODULES = YES;
				CLANG_ENABLE_OBJC_ARC = YES;
				CLANG_ENABLE_OBJC_WEAK = YES;
				CLANG_WARN_BLOCK_CAPTURE_AUTORELEASING = YES;
				CLANG_WARN_BOOL_CONVERSION = YES;
				CLANG_WARN_COMMA = YES;
				CLANG_WARN_CONSTANT_CONVERSION = YES;
				CLANG_WARN_DEPRECATED_OBJC_IMPLEMENTATIONS = YES;
				CLANG_WARN_DIRECT_OBJC_ISA_USAGE = YES_ERROR;
				CLANG_WARN_DOCUMENTATION_COMMENTS = YES;
				CLANG_WARN_EMPTY_BODY = YES;
				CLANG_WARN_ENUM_CONVERSION = YES;
				CLANG_WARN_INFINITE_RECURSION = YES;
				CLANG_WARN_INT_CONVERSION = YES;
				CLANG_WARN_NON_LITERAL_NULL_CONVERSION = YES;
				CLANG_WARN_OBJC_IMPLICIT_RETAIN_SELF = YES;
				CLANG_WARN_OBJC_LITERAL_CONVERSION = YES;
				CLANG_WARN_OBJC_ROOT_CLASS = YES_ERROR;
				CLANG_WARN_RANGE_LOOP_ANALYSIS = YES;
				CLANG_WARN_STRICT_PROTOTYPES = YES;
				CLANG_WARN_SUSPICIOUS_MOVE = YES;
				CLANG_WARN_UNGUARDED_AVAILABILITY = YES_AGGRESSIVE;
				CLANG_WARN_UNREACHABLE_CODE = YES;
				CLANG_WARN__DUPLICATE_METHOD_MATCH = YES;
				CODE_SIGN_IDENTITY = "iPhone Developer";
				COPY_PHASE_STRIP = NO;
				DEBUG_INFORMATION_FORMAT = dwarf;
				ENABLE_STRICT_OBJC_MSGSEND = YES;
				ENABLE_TESTABILITY = YES;
				GCC_C_LANGUAGE_STANDARD = gnu11;
				GCC_DYNAMIC_NO_PIC = NO;
				GCC_NO_COMMON_BLOCKS = YES;
				GCC_OPTIMIZATION_LEVEL = 0;
				GCC_PREPROCESSOR_DEFINITIONS = (
					"DEBUG=1",
					"$(inherited)",
				);
				GCC_WARN_64_TO_32_BIT_CONVERSION = YES;
				GCC_WARN_ABOUT_RETURN_TYPE = YES_ERROR;
				GCC_WARN_UNDECLARED_SELECTOR = YES;
				GCC_WARN_UNINITIALIZED_AUTOS = YES_AGGRESSIVE;
				GCC_WARN_UNUSED_FUNCTION = YES;
				GCC_WARN_UNUSED_VARIABLE = YES;
				IPHONEOS_DEPLOYMENT_TARGET = 12.2;
				MTL_ENABLE_DEBUG_INFO = INCLUDE_SOURCE;
				MTL_FAST_MATH = YES;
				ONLY_ACTIVE_ARCH = YES;
				SDKROOT = iphoneos;
				SWIFT_ACTIVE_COMPILATION_CONDITIONS = DEBUG;
				SWIFT_OPTIMIZATION_LEVEL = "-Onone";
			};
			name = Debug;
		};
		1DE1FC672292A363009BCA47 /* Release */ = {
			isa = XCBuildConfiguration;
			buildSettings = {
				ALWAYS_SEARCH_USER_PATHS = NO;
				CLANG_ANALYZER_NONNULL = YES;
				CLANG_ANALYZER_NUMBER_OBJECT_CONVERSION = YES_AGGRESSIVE;
				CLANG_CXX_LANGUAGE_STANDARD = "gnu++14";
				CLANG_CXX_LIBRARY = "libc++";
				CLANG_ENABLE_MODULES = YES;
				CLANG_ENABLE_OBJC_ARC = YES;
				CLANG_ENABLE_OBJC_WEAK = YES;
				CLANG_WARN_BLOCK_CAPTURE_AUTORELEASING = YES;
				CLANG_WARN_BOOL_CONVERSION = YES;
				CLANG_WARN_COMMA = YES;
				CLANG_WARN_CONSTANT_CONVERSION = YES;
				CLANG_WARN_DEPRECATED_OBJC_IMPLEMENTATIONS = YES;
				CLANG_WARN_DIRECT_OBJC_ISA_USAGE = YES_ERROR;
				CLANG_WARN_DOCUMENTATION_COMMENTS = YES;
				CLANG_WARN_EMPTY_BODY = YES;
				CLANG_WARN_ENUM_CONVERSION = YES;
				CLANG_WARN_INFINITE_RECURSION = YES;
				CLANG_WARN_INT_CONVERSION = YES;
				CLANG_WARN_NON_LITERAL_NULL_CONVERSION = YES;
				CLANG_WARN_OBJC_IMPLICIT_RETAIN_SELF = YES;
				CLANG_WARN_OBJC_LITERAL_CONVERSION = YES;
				CLANG_WARN_OBJC_ROOT_CLASS = YES_ERROR;
				CLANG_WARN_RANGE_LOOP_ANALYSIS = YES;
				CLANG_WARN_STRICT_PROTOTYPES = YES;
				CLANG_WARN_SUSPICIOUS_MOVE = YES;
				CLANG_WARN_UNGUARDED_AVAILABILITY = YES_AGGRESSIVE;
				CLANG_WARN_UNREACHABLE_CODE = YES;
				CLANG_WARN__DUPLICATE_METHOD_MATCH = YES;
				CODE_SIGN_IDENTITY = "iPhone Developer";
				COPY_PHASE_STRIP = NO;
				DEBUG_INFORMATION_FORMAT = "dwarf-with-dsym";
				ENABLE_NS_ASSERTIONS = NO;
				ENABLE_STRICT_OBJC_MSGSEND = YES;
				GCC_C_LANGUAGE_STANDARD = gnu11;
				GCC_NO_COMMON_BLOCKS = YES;
				GCC_WARN_64_TO_32_BIT_CONVERSION = YES;
				GCC_WARN_ABOUT_RETURN_TYPE = YES_ERROR;
				GCC_WARN_UNDECLARED_SELECTOR = YES;
				GCC_WARN_UNINITIALIZED_AUTOS = YES_AGGRESSIVE;
				GCC_WARN_UNUSED_FUNCTION = YES;
				GCC_WARN_UNUSED_VARIABLE = YES;
				IPHONEOS_DEPLOYMENT_TARGET = 12.2;
				MTL_ENABLE_DEBUG_INFO = NO;
				MTL_FAST_MATH = YES;
				SDKROOT = iphoneos;
				SWIFT_COMPILATION_MODE = wholemodule;
				SWIFT_OPTIMIZATION_LEVEL = "-O";
				VALIDATE_PRODUCT = YES;
			};
			name = Release;
		};
		1DE1FC692292A363009BCA47 /* Debug */ = {
			isa = XCBuildConfiguration;
			buildSettings = {
				ASSETCATALOG_COMPILER_APPICON_NAME = AppIcon;
				CODE_SIGN_STYLE = Automatic;
				DEVELOPMENT_TEAM = "";
				INFOPLIST_FILE = SceneDetector_new/Info.plist;
				LD_RUNPATH_SEARCH_PATHS = (
					"$(inherited)",
					"@executable_path/Frameworks",
				);
				PRODUCT_BUNDLE_IDENTIFIER = "com.seoyoung.SceneDetector-new";
				PRODUCT_NAME = "$(TARGET_NAME)";
				SWIFT_VERSION = 5.0;
				TARGETED_DEVICE_FAMILY = "1,2";
			};
			name = Debug;
		};
		1DE1FC6A2292A363009BCA47 /* Release */ = {
			isa = XCBuildConfiguration;
			buildSettings = {
				ASSETCATALOG_COMPILER_APPICON_NAME = AppIcon;
				CODE_SIGN_STYLE = Automatic;
				DEVELOPMENT_TEAM = "";
				INFOPLIST_FILE = SceneDetector_new/Info.plist;
				LD_RUNPATH_SEARCH_PATHS = (
					"$(inherited)",
					"@executable_path/Frameworks",
				);
				PRODUCT_BUNDLE_IDENTIFIER = "com.seoyoung.SceneDetector-new";
				PRODUCT_NAME = "$(TARGET_NAME)";
				SWIFT_VERSION = 5.0;
				TARGETED_DEVICE_FAMILY = "1,2";
			};
			name = Release;
		};
/* End XCBuildConfiguration section */

/* Begin XCConfigurationList section */
		1DE1FC512292A362009BCA47 /* Build configuration list for PBXProject "SceneDetector_new" */ = {
			isa = XCConfigurationList;
			buildConfigurations = (
				1DE1FC662292A363009BCA47 /* Debug */,
				1DE1FC672292A363009BCA47 /* Release */,
			);
			defaultConfigurationIsVisible = 0;
			defaultConfigurationName = Release;
		};
		1DE1FC682292A363009BCA47 /* Build configuration list for PBXNativeTarget "SceneDetector_new" */ = {
			isa = XCConfigurationList;
			buildConfigurations = (
				1DE1FC692292A363009BCA47 /* Debug */,
				1DE1FC6A2292A363009BCA47 /* Release */,
			);
			defaultConfigurationIsVisible = 0;
			defaultConfigurationName = Release;
		};
/* End XCConfigurationList section */
	};
	rootObject = 1DE1FC4E2292A362009BCA47 /* Project object */;
}
