// !$*UTF8*$!
{
	archiveVersion = 1;
	classes = {
	};
	objectVersion = 50;
	objects = {

/* Begin PBXBuildFile section */
		1DFBD84D2276E50F007E6AA1 /* AppDelegate.swift in Sources */ = {isa = PBXBuildFile; fileRef = 1DFBD84C2276E50F007E6AA1 /* AppDelegate.swift */; };
		1DFBD84F2276E50F007E6AA1 /* ViewController.swift in Sources */ = {isa = PBXBuildFile; fileRef = 1DFBD84E2276E50F007E6AA1 /* ViewController.swift */; };
		1DFBD8522276E50F007E6AA1 /* Main.storyboard in Resources */ = {isa = PBXBuildFile; fileRef = 1DFBD8502276E50F007E6AA1 /* Main.storyboard */; };
		1DFBD8542276E510007E6AA1 /* Assets.xcassets in Resources */ = {isa = PBXBuildFile; fileRef = 1DFBD8532276E510007E6AA1 /* Assets.xcassets */; };
		1DFBD8572276E510007E6AA1 /* LaunchScreen.storyboard in Resources */ = {isa = PBXBuildFile; fileRef = 1DFBD8552276E510007E6AA1 /* LaunchScreen.storyboard */; };
		1DFBD85F2276F465007E6AA1 /* Helper.swift in Sources */ = {isa = PBXBuildFile; fileRef = 1DFBD85E2276F465007E6AA1 /* Helper.swift */; };
		1DFBD8612276F60A007E6AA1 /* AddContactViewController.swift in Sources */ = {isa = PBXBuildFile; fileRef = 1DFBD8602276F60A007E6AA1 /* AddContactViewController.swift */; };
		1DFBD8632276F782007E6AA1 /* CreateContactViewController.swift in Sources */ = {isa = PBXBuildFile; fileRef = 1DFBD8622276F782007E6AA1 /* CreateContactViewController.swift */; };
		1DFBD8652276F8B8007E6AA1 /* ContactBirthdayCell.swift in Sources */ = {isa = PBXBuildFile; fileRef = 1DFBD8642276F8B8007E6AA1 /* ContactBirthdayCell.swift */; };
		1DFBD8672276F921007E6AA1 /* ContactBirthdayCell.xib in Resources */ = {isa = PBXBuildFile; fileRef = 1DFBD8662276F921007E6AA1 /* ContactBirthdayCell.xib */; };
/* End PBXBuildFile section */

/* Begin PBXFileReference section */
		1DFBD8492276E50F007E6AA1 /* BirthDay.app */ = {isa = PBXFileReference; explicitFileType = wrapper.application; includeInIndex = 0; path = BirthDay.app; sourceTree = BUILT_PRODUCTS_DIR; };
		1DFBD84C2276E50F007E6AA1 /* AppDelegate.swift */ = {isa = PBXFileReference; lastKnownFileType = sourcecode.swift; path = AppDelegate.swift; sourceTree = "<group>"; };
		1DFBD84E2276E50F007E6AA1 /* ViewController.swift */ = {isa = PBXFileReference; lastKnownFileType = sourcecode.swift; path = ViewController.swift; sourceTree = "<group>"; };
		1DFBD8512276E50F007E6AA1 /* Base */ = {isa = PBXFileReference; lastKnownFileType = file.storyboard; name = Base; path = Base.lproj/Main.storyboard; sourceTree = "<group>"; };
		1DFBD8532276E510007E6AA1 /* Assets.xcassets */ = {isa = PBXFileReference; lastKnownFileType = folder.assetcatalog; path = Assets.xcassets; sourceTree = "<group>"; };
		1DFBD8562276E510007E6AA1 /* Base */ = {isa = PBXFileReference; lastKnownFileType = file.storyboard; name = Base; path = Base.lproj/LaunchScreen.storyboard; sourceTree = "<group>"; };
		1DFBD8582276E510007E6AA1 /* Info.plist */ = {isa = PBXFileReference; lastKnownFileType = text.plist.xml; path = Info.plist; sourceTree = "<group>"; };
		1DFBD85E2276F465007E6AA1 /* Helper.swift */ = {isa = PBXFileReference; lastKnownFileType = sourcecode.swift; path = Helper.swift; sourceTree = "<group>"; };
		1DFBD8602276F60A007E6AA1 /* AddContactViewController.swift */ = {isa = PBXFileReference; lastKnownFileType = sourcecode.swift; path = AddContactViewController.swift; sourceTree = "<group>"; };
		1DFBD8622276F782007E6AA1 /* CreateContactViewController.swift */ = {isa = PBXFileReference; lastKnownFileType = sourcecode.swift; path = CreateContactViewController.swift; sourceTree = "<group>"; };
		1DFBD8642276F8B8007E6AA1 /* ContactBirthdayCell.swift */ = {isa = PBXFileReference; lastKnownFileType = sourcecode.swift; path = ContactBirthdayCell.swift; sourceTree = "<group>"; };
		1DFBD8662276F921007E6AA1 /* ContactBirthdayCell.xib */ = {isa = PBXFileReference; fileEncoding = 4; lastKnownFileType = file.xib; path = ContactBirthdayCell.xib; sourceTree = "<group>"; };
/* End PBXFileReference section */

/* Begin PBXFrameworksBuildPhase section */
		1DFBD8462276E50F007E6AA1 /* Frameworks */ = {
			isa = PBXFrameworksBuildPhase;
			buildActionMask = 2147483647;
			files = (
			);
			runOnlyForDeploymentPostprocessing = 0;
		};
/* End PBXFrameworksBuildPhase section */

/* Begin PBXGroup section */
		1DFBD8402276E50F007E6AA1 = {
			isa = PBXGroup;
			children = (
				1DFBD84B2276E50F007E6AA1 /* BirthDay */,
				1DFBD84A2276E50F007E6AA1 /* Products */,
			);
			sourceTree = "<group>";
		};
		1DFBD84A2276E50F007E6AA1 /* Products */ = {
			isa = PBXGroup;
			children = (
				1DFBD8492276E50F007E6AA1 /* BirthDay.app */,
			);
			name = Products;
			sourceTree = "<group>";
		};
		1DFBD84B2276E50F007E6AA1 /* BirthDay */ = {
			isa = PBXGroup;
			children = (
				1DFBD84C2276E50F007E6AA1 /* AppDelegate.swift */,
				1DFBD85E2276F465007E6AA1 /* Helper.swift */,
				1DFBD84E2276E50F007E6AA1 /* ViewController.swift */,
				1DFBD8602276F60A007E6AA1 /* AddContactViewController.swift */,
				1DFBD8622276F782007E6AA1 /* CreateContactViewController.swift */,
				1DFBD8642276F8B8007E6AA1 /* ContactBirthdayCell.swift */,
				1DFBD8662276F921007E6AA1 /* ContactBirthdayCell.xib */,
				1DFBD8502276E50F007E6AA1 /* Main.storyboard */,
				1DFBD8532276E510007E6AA1 /* Assets.xcassets */,
				1DFBD8552276E510007E6AA1 /* LaunchScreen.storyboard */,
				1DFBD8582276E510007E6AA1 /* Info.plist */,
			);
			path = BirthDay;
			sourceTree = "<group>";
		};
/* End PBXGroup section */

/* Begin PBXNativeTarget section */
		1DFBD8482276E50F007E6AA1 /* BirthDay */ = {
			isa = PBXNativeTarget;
			buildConfigurationList = 1DFBD85B2276E510007E6AA1 /* Build configuration list for PBXNativeTarget "BirthDay" */;
			buildPhases = (
				1DFBD8452276E50F007E6AA1 /* Sources */,
				1DFBD8462276E50F007E6AA1 /* Frameworks */,
				1DFBD8472276E50F007E6AA1 /* Resources */,
			);
			buildRules = (
			);
			dependencies = (
			);
			name = BirthDay;
			productName = BirthDay;
			productReference = 1DFBD8492276E50F007E6AA1 /* BirthDay.app */;
			productType = "com.apple.product-type.application";
		};
/* End PBXNativeTarget section */

/* Begin PBXProject section */
		1DFBD8412276E50F007E6AA1 /* Project object */ = {
			isa = PBXProject;
			attributes = {
				LastSwiftUpdateCheck = 1020;
				LastUpgradeCheck = 1020;
				ORGANIZATIONNAME = Seoyoung;
				TargetAttributes = {
					1DFBD8482276E50F007E6AA1 = {
						CreatedOnToolsVersion = 10.2.1;
					};
				};
			};
			buildConfigurationList = 1DFBD8442276E50F007E6AA1 /* Build configuration list for PBXProject "BirthDay" */;
			compatibilityVersion = "Xcode 9.3";
			developmentRegion = en;
			hasScannedForEncodings = 0;
			knownRegions = (
				en,
				Base,
			);
			mainGroup = 1DFBD8402276E50F007E6AA1;
			productRefGroup = 1DFBD84A2276E50F007E6AA1 /* Products */;
			projectDirPath = "";
			projectRoot = "";
			targets = (
				1DFBD8482276E50F007E6AA1 /* BirthDay */,
			);
		};
/* End PBXProject section */

/* Begin PBXResourcesBuildPhase section */
		1DFBD8472276E50F007E6AA1 /* Resources */ = {
			isa = PBXResourcesBuildPhase;
			buildActionMask = 2147483647;
			files = (
				1DFBD8572276E510007E6AA1 /* LaunchScreen.storyboard in Resources */,
				1DFBD8542276E510007E6AA1 /* Assets.xcassets in Resources */,
				1DFBD8522276E50F007E6AA1 /* Main.storyboard in Resources */,
				1DFBD8672276F921007E6AA1 /* ContactBirthdayCell.xib in Resources */,
			);
			runOnlyForDeploymentPostprocessing = 0;
		};
/* End PBXResourcesBuildPhase section */

/* Begin PBXSourcesBuildPhase section */
		1DFBD8452276E50F007E6AA1 /* Sources */ = {
			isa = PBXSourcesBuildPhase;
			buildActionMask = 2147483647;
			files = (
				1DFBD84F2276E50F007E6AA1 /* ViewController.swift in Sources */,
				1DFBD8612276F60A007E6AA1 /* AddContactViewController.swift in Sources */,
				1DFBD8632276F782007E6AA1 /* CreateContactViewController.swift in Sources */,
				1DFBD8652276F8B8007E6AA1 /* ContactBirthdayCell.swift in Sources */,
				1DFBD84D2276E50F007E6AA1 /* AppDelegate.swift in Sources */,
				1DFBD85F2276F465007E6AA1 /* Helper.swift in Sources */,
			);
			runOnlyForDeploymentPostprocessing = 0;
		};
/* End PBXSourcesBuildPhase section */

/* Begin PBXVariantGroup section */
		1DFBD8502276E50F007E6AA1 /* Main.storyboard */ = {
			isa = PBXVariantGroup;
			children = (
				1DFBD8512276E50F007E6AA1 /* Base */,
			);
			name = Main.storyboard;
			sourceTree = "<group>";
		};
		1DFBD8552276E510007E6AA1 /* LaunchScreen.storyboard */ = {
			isa = PBXVariantGroup;
			children = (
				1DFBD8562276E510007E6AA1 /* Base */,
			);
			name = LaunchScreen.storyboard;
			sourceTree = "<group>";
		};
/* End PBXVariantGroup section */

/* Begin XCBuildConfiguration section */
		1DFBD8592276E510007E6AA1 /* Debug */ = {
			isa = XCBuildConfiguration;
			buildSettings = {
				ALWAYS_SEARCH_USER_PATHS = NO;
				CLANG_ANALYZER_NONNULL = YES;
				CLANG_ANALYZER_NUMBER_OBJECT_CONVERSION = YES_AGGRESSIVE;
				CLANG_CXX_LANGUAGE_STANDARD = "gnu++14";
				CLANG_CXX_LIBRARY = "libc++";
				CLANG_ENABLE_MODULES = YES;
				CLANG_ENABLE_OBJC_ARC = YES;
				CLANG_ENABLE_OBJC_WEAK = YES;
				CLANG_WARN_BLOCK_CAPTURE_AUTORELEASING = YES;
				CLANG_WARN_BOOL_CONVERSION = YES;
				CLANG_WARN_COMMA = YES;
				CLANG_WARN_CONSTANT_CONVERSION = YES;
				CLANG_WARN_DEPRECATED_OBJC_IMPLEMENTATIONS = YES;
				CLANG_WARN_DIRECT_OBJC_ISA_USAGE = YES_ERROR;
				CLANG_WARN_DOCUMENTATION_COMMENTS = YES;
				CLANG_WARN_EMPTY_BODY = YES;
				CLANG_WARN_ENUM_CONVERSION = YES;
				CLANG_WARN_INFINITE_RECURSION = YES;
				CLANG_WARN_INT_CONVERSION = YES;
				CLANG_WARN_NON_LITERAL_NULL_CONVERSION = YES;
				CLANG_WARN_OBJC_IMPLICIT_RETAIN_SELF = YES;
				CLANG_WARN_OBJC_LITERAL_CONVERSION = YES;
				CLANG_WARN_OBJC_ROOT_CLASS = YES_ERROR;
				CLANG_WARN_RANGE_LOOP_ANALYSIS = YES;
				CLANG_WARN_STRICT_PROTOTYPES = YES;
				CLANG_WARN_SUSPICIOUS_MOVE = YES;
				CLANG_WARN_UNGUARDED_AVAILABILITY = YES_AGGRESSIVE;
				CLANG_WARN_UNREACHABLE_CODE = YES;
				CLANG_WARN__DUPLICATE_METHOD_MATCH = YES;
				CODE_SIGN_IDENTITY = "iPhone Developer";
				COPY_PHASE_STRIP = NO;
				DEBUG_INFORMATION_FORMAT = dwarf;
				ENABLE_STRICT_OBJC_MSGSEND = YES;
				ENABLE_TESTABILITY = YES;
				GCC_C_LANGUAGE_STANDARD = gnu11;
				GCC_DYNAMIC_NO_PIC = NO;
				GCC_NO_COMMON_BLOCKS = YES;
				GCC_OPTIMIZATION_LEVEL = 0;
				GCC_PREPROCESSOR_DEFINITIONS = (
					"DEBUG=1",
					"$(inherited)",
				);
				GCC_WARN_64_TO_32_BIT_CONVERSION = YES;
				GCC_WARN_ABOUT_RETURN_TYPE = YES_ERROR;
				GCC_WARN_UNDECLARED_SELECTOR = YES;
				GCC_WARN_UNINITIALIZED_AUTOS = YES_AGGRESSIVE;
				GCC_WARN_UNUSED_FUNCTION = YES;
				GCC_WARN_UNUSED_VARIABLE = YES;
				IPHONEOS_DEPLOYMENT_TARGET = 12.2;
				MTL_ENABLE_DEBUG_INFO = INCLUDE_SOURCE;
				MTL_FAST_MATH = YES;
				ONLY_ACTIVE_ARCH = YES;
				SDKROOT = iphoneos;
				SWIFT_ACTIVE_COMPILATION_CONDITIONS = DEBUG;
				SWIFT_OPTIMIZATION_LEVEL = "-Onone";
			};
			name = Debug;
		};
		1DFBD85A2276E510007E6AA1 /* Release */ = {
			isa = XCBuildConfiguration;
			buildSettings = {
				ALWAYS_SEARCH_USER_PATHS = NO;
				CLANG_ANALYZER_NONNULL = YES;
				CLANG_ANALYZER_NUMBER_OBJECT_CONVERSION = YES_AGGRESSIVE;
				CLANG_CXX_LANGUAGE_STANDARD = "gnu++14";
				CLANG_CXX_LIBRARY = "libc++";
				CLANG_ENABLE_MODULES = YES;
				CLANG_ENABLE_OBJC_ARC = YES;
				CLANG_ENABLE_OBJC_WEAK = YES;
				CLANG_WARN_BLOCK_CAPTURE_AUTORELEASING = YES;
				CLANG_WARN_BOOL_CONVERSION = YES;
				CLANG_WARN_COMMA = YES;
				CLANG_WARN_CONSTANT_CONVERSION = YES;
				CLANG_WARN_DEPRECATED_OBJC_IMPLEMENTATIONS = YES;
				CLANG_WARN_DIRECT_OBJC_ISA_USAGE = YES_ERROR;
				CLANG_WARN_DOCUMENTATION_COMMENTS = YES;
				CLANG_WARN_EMPTY_BODY = YES;
				CLANG_WARN_ENUM_CONVERSION = YES;
				CLANG_WARN_INFINITE_RECURSION = YES;
				CLANG_WARN_INT_CONVERSION = YES;
				CLANG_WARN_NON_LITERAL_NULL_CONVERSION = YES;
				CLANG_WARN_OBJC_IMPLICIT_RETAIN_SELF = YES;
				CLANG_WARN_OBJC_LITERAL_CONVERSION = YES;
				CLANG_WARN_OBJC_ROOT_CLASS = YES_ERROR;
				CLANG_WARN_RANGE_LOOP_ANALYSIS = YES;
				CLANG_WARN_STRICT_PROTOTYPES = YES;
				CLANG_WARN_SUSPICIOUS_MOVE = YES;
				CLANG_WARN_UNGUARDED_AVAILABILITY = YES_AGGRESSIVE;
				CLANG_WARN_UNREACHABLE_CODE = YES;
				CLANG_WARN__DUPLICATE_METHOD_MATCH = YES;
				CODE_SIGN_IDENTITY = "iPhone Developer";
				COPY_PHASE_STRIP = NO;
				DEBUG_INFORMATION_FORMAT = "dwarf-with-dsym";
				ENABLE_NS_ASSERTIONS = NO;
				ENABLE_STRICT_OBJC_MSGSEND = YES;
				GCC_C_LANGUAGE_STANDARD = gnu11;
				GCC_NO_COMMON_BLOCKS = YES;
				GCC_WARN_64_TO_32_BIT_CONVERSION = YES;
				GCC_WARN_ABOUT_RETURN_TYPE = YES_ERROR;
				GCC_WARN_UNDECLARED_SELECTOR = YES;
				GCC_WARN_UNINITIALIZED_AUTOS = YES_AGGRESSIVE;
				GCC_WARN_UNUSED_FUNCTION = YES;
				GCC_WARN_UNUSED_VARIABLE = YES;
				IPHONEOS_DEPLOYMENT_TARGET = 12.2;
				MTL_ENABLE_DEBUG_INFO = NO;
				MTL_FAST_MATH = YES;
				SDKROOT = iphoneos;
				SWIFT_COMPILATION_MODE = wholemodule;
				SWIFT_OPTIMIZATION_LEVEL = "-O";
				VALIDATE_PRODUCT = YES;
			};
			name = Release;
		};
		1DFBD85C2276E510007E6AA1 /* Debug */ = {
			isa = XCBuildConfiguration;
			buildSettings = {
				ASSETCATALOG_COMPILER_APPICON_NAME = AppIcon;
				CODE_SIGN_STYLE = Automatic;
				DEVELOPMENT_TEAM = "";
				INFOPLIST_FILE = BirthDay/Info.plist;
				LD_RUNPATH_SEARCH_PATHS = (
					"$(inherited)",
					"@executable_path/Frameworks",
				);
				PRODUCT_BUNDLE_IDENTIFIER = com.seoyoung.BirthDay;
				PRODUCT_NAME = "$(TARGET_NAME)";
				SWIFT_VERSION = 5.0;
				TARGETED_DEVICE_FAMILY = "1,2";
			};
			name = Debug;
		};
		1DFBD85D2276E510007E6AA1 /* Release */ = {
			isa = XCBuildConfiguration;
			buildSettings = {
				ASSETCATALOG_COMPILER_APPICON_NAME = AppIcon;
				CODE_SIGN_STYLE = Automatic;
				DEVELOPMENT_TEAM = "";
				INFOPLIST_FILE = BirthDay/Info.plist;
				LD_RUNPATH_SEARCH_PATHS = (
					"$(inherited)",
					"@executable_path/Frameworks",
				);
				PRODUCT_BUNDLE_IDENTIFIER = com.seoyoung.BirthDay;
				PRODUCT_NAME = "$(TARGET_NAME)";
				SWIFT_VERSION = 5.0;
				TARGETED_DEVICE_FAMILY = "1,2";
			};
			name = Release;
		};
/* End XCBuildConfiguration section */

/* Begin XCConfigurationList section */
		1DFBD8442276E50F007E6AA1 /* Build configuration list for PBXProject "BirthDay" */ = {
			isa = XCConfigurationList;
			buildConfigurations = (
				1DFBD8592276E510007E6AA1 /* Debug */,
				1DFBD85A2276E510007E6AA1 /* Release */,
			);
			defaultConfigurationIsVisible = 0;
			defaultConfigurationName = Release;
		};
		1DFBD85B2276E510007E6AA1 /* Build configuration list for PBXNativeTarget "BirthDay" */ = {
			isa = XCConfigurationList;
			buildConfigurations = (
				1DFBD85C2276E510007E6AA1 /* Debug */,
				1DFBD85D2276E510007E6AA1 /* Release */,
			);
			defaultConfigurationIsVisible = 0;
			defaultConfigurationName = Release;
		};
/* End XCConfigurationList section */
	};
	rootObject = 1DFBD8412276E50F007E6AA1 /* Project object */;
}
